# This file is generated by running "yarn install" inside your project.
# Manual changes might be lost - proceed with caution!

__metadata:
  version: 10
  cacheKey: 10

"@deepseek-ai/cordis@npm:^4.0.1":
  version: 4.0.1
  resolution: "@deepseek-ai/cordis@npm:4.0.1"
  dependencies:
    "@deepseek-ai/cosmokit": "npm:^1.8.2"
    "@standard-schema/spec": "npm:^1.1.0"
  peerDependencies:
    "@deepseek-ai/cordis-plugin-include": ^1.0.6
    "@deepseek-ai/cordis-plugin-loader": ^1.0.2
  peerDependenciesMeta:
    "@deepseek-ai/cordis-plugin-include":
      optional: true
    "@deepseek-ai/cordis-plugin-loader":
      optional: true
  bin:
    cordis: bin.js
  checksum: 10/c848c8a6e0ed7400ceba083ca530f33c2129b071609e4eae2db77dc2b03809f2563a2939ede3f5413a447cd163a41b362516132bc16505738abbe726da0d47c0
  languageName: node
  linkType: hard

"@deepseek-ai/cosmokit@npm:^1.8.2":
  version: 1.8.2
  resolution: "@deepseek-ai/cosmokit@npm:1.8.2"
  checksum: 10/8e945ad864c78240b3d1d75527b50a2c2ab97aba5ed636afd46441fa61b608f970785b0e33ced00a8cf35074ca19c267f21766f4fe5f7d5f0ccc2c71438c3fe2
  languageName: node
  linkType: hard

"@deepseek-ai/dsh-host-webserver@file:./vendor/dsh-runtime/0.1.2-alpha.1/deepseek-ai-dsh-host-webserver-0.1.2-alpha.1.tgz::locator=dsh-chat%40workspace%3A.":
  version: 0.1.2-alpha.1
  resolution: "@deepseek-ai/dsh-host-webserver@file:./vendor/dsh-runtime/0.1.2-alpha.1/deepseek-ai-dsh-host-webserver-0.1.2-alpha.1.tgz#./vendor/dsh-runtime/0.1.2-alpha.1/deepseek-ai-dsh-host-webserver-0.1.2-alpha.1.tgz::hash=44d26e&locator=dsh-chat%40workspace%3A."
  dependencies:
    "@deepseek-ai/schemastery": "npm:^3.18.1"
    compression: "npm:^1.8.1"
    negotiator: "npm:^1.0.0"
  peerDependencies:
    "@deepseek-ai/cordis": ^4.0.1
    "@deepseek-ai/dsh-invariants": ^0.1.2-alpha.1
  checksum: 10/5cefbac9bb0f31a2111f14c4e19a98bce9d6b19cf1c1212fc95a06e60ac3f8d4a04ea992b590cd292d659c3f511e8c94c9c4d3109bce88ce96341969d4a44230
  languageName: node
  linkType: hard

"@deepseek-ai/dsh-invariants@file:./vendor/dsh-runtime/0.1.2-alpha.1/deepseek-ai-dsh-invariants-0.1.2-alpha.1.tgz::locator=dsh-chat%40workspace%3A.":
  version: 0.1.2-alpha.1
  resolution: "@deepseek-ai/dsh-invariants@file:./vendor/dsh-runtime/0.1.2-alpha.1/deepseek-ai-dsh-invariants-0.1.2-alpha.1.tgz#./vendor/dsh-runtime/0.1.2-alpha.1/deepseek-ai-dsh-invariants-0.1.2-alpha.1.tgz::hash=cb0a08&locator=dsh-chat%40workspace%3A."
  dependencies:
    "@deepseek-ai/schemastery": "npm:^3.18.1"
  peerDependencies:
    "@deepseek-ai/cordis": ^4.0.1
  checksum: 10/2153659398fed6886642b705630b404ee73eb1761cc19e646dedffd8297228de95e5331d62f352ef5d0424bfeac610fcf68f64df6dbd7616556332a446a287f8
  languageName: node
  linkType: hard

"@deepseek-ai/schemastery@npm:^3.18.1":
  version: 3.18.1
  resolution: "@deepseek-ai/schemastery@npm:3.18.1"
  dependencies:
    "@deepseek-ai/cosmokit": "npm:^1.8.2"
    "@standard-schema/spec": "npm:^1.1.0"
  checksum: 10/de8e91051ccf82e4ef578aa543cb63ff837196f979b1862d2294fc09cda3f520697f3f1e2b688c85734cc9887c7be288c88199871647b489a82a46d0b33cd21f
  languageName: node
  linkType: hard

"@dsh-chat/contract@workspace:^, @dsh-chat/contract@workspace:packages/chat/contract":
  version: 0.0.0-use.local
  resolution: "@dsh-chat/contract@workspace:packages/chat/contract"
  languageName: unknown
  linkType: soft

"@dsh-chat/host@workspace:packages/chat/host":
  version: 0.0.0-use.local
  resolution: "@dsh-chat/host@workspace:packages/chat/host"
  dependencies:
    "@deepseek-ai/cordis": "npm:^4.0.1"
    "@deepseek-ai/dsh-host-webserver": "npm:0.1.2-alpha.1"
    "@deepseek-ai/dsh-invariants": "npm:0.1.2-alpha.1"
    "@deepseek-ai/schemastery": "npm:^3.18.1"
    "@dsh-chat/contract": "workspace:^"
  peerDependencies:
    "@deepseek-ai/cordis": ^4.0.1
    "@deepseek-ai/dsh-host-webserver": 0.1.2-alpha.1
    "@deepseek-ai/dsh-invariants": 0.1.2-alpha.1
  languageName: unknown
  linkType: soft

"@standard-schema/spec@npm:^1.1.0":
  version: 1.1.0
  resolution: "@standard-schema/spec@npm:1.1.0"
  checksum: 10/a209615c9e8b2ea535d7db0a5f6aa0f962fd4ab73ee86a46c100fb78116964af1f55a27c1794d4801e534a196794223daa25ff5135021e03c7828aa3d95e1763
  languageName: node
  linkType: hard

"@types/node@npm:^24":
  version: 24.13.3
  resolution: "@types/node@npm:24.13.3"
  dependencies:
    undici-types: "npm:~7.18.0"
  checksum: 10/cfa6ed1e16c4624d1e83b09aeb72a2f50a7e17d837bf5a1259a52e346f33a693afd289402d3b6118ce3abea7aff35f2a4f13a0284b96bc5807a50f0e22e1ec77
  languageName: node
  linkType: hard

"bytes@npm:3.1.2":
  version: 3.1.2
  resolution: "bytes@npm:3.1.2"
  checksum: 10/a10abf2ba70c784471d6b4f58778c0beeb2b5d405148e66affa91f23a9f13d07603d0a0354667310ae1d6dc141474ffd44e2a074be0f6e2254edb8fc21445388
  languageName: node
  linkType: hard

"compressible@npm:~2.0.18":
  version: 2.0.18
  resolution: "compressible@npm:2.0.18"
  dependencies:
    mime-db: "npm:>= 1.43.0 < 2"
  checksum: 10/58321a85b375d39230405654721353f709d0c1442129e9a17081771b816302a012471a9b8f4864c7dbe02eef7f2aaac3c614795197092262e94b409c9be108f0
  languageName: node
  linkType: hard

"compression@npm:^1.8.1":
  version: 1.8.1
  resolution: "compression@npm:1.8.1"
  dependencies:
    bytes: "npm:3.1.2"
    compressible: "npm:~2.0.18"
    debug: "npm:2.6.9"
    negotiator: "npm:~0.6.4"
    on-headers: "npm:~1.1.0"
    safe-buffer: "npm:5.2.1"
    vary: "npm:~1.1.2"
  checksum: 10/e7552bfbd780f2003c6fe8decb44561f5cc6bc82f0c61e81122caff5ec656f37824084f52155b1e8ef31d7656cecbec9a2499b7a68e92e20780ffb39b479abb7
  languageName: node
  linkType: hard

"content-type@npm:^2.1.0":
  version: 2.1.0
  resolution: "content-type@npm:2.1.0"
  checksum: 10/8aac907922538f430d8bfab1d8fe2fbdc1eb890a0fa7a619f712db4bfefe24be951ba464f972007df64840c775bf2db284ca8223547ac5317ad9ab2ee8e6501b
  languageName: node
  linkType: hard

"debug@npm:2.6.9":
  version: 2.6.9
  resolution: "debug@npm:2.6.9"
  dependencies:
    ms: "npm:2.0.0"
  checksum: 10/e07005f2b40e04f1bd14a3dd20520e9c4f25f60224cb006ce9d6781732c917964e9ec029fc7f1a151083cd929025ad5133814d4dc624a9aaf020effe4914ed14
  languageName: node
  linkType: hard

"dsh-chat@workspace:.":
  version: 0.0.0-use.local
  resolution: "dsh-chat@workspace:."
  dependencies:
    "@types/node": "npm:^24"
    typescript: "npm:~5.9.2"
  languageName: unknown
  linkType: soft

"mime-db@npm:>= 1.43.0 < 2":
  version: 1.54.0
  resolution: "mime-db@npm:1.54.0"
  checksum: 10/9e7834be3d66ae7f10eaa69215732c6d389692b194f876198dca79b2b90cbf96688d9d5d05ef7987b20f749b769b11c01766564264ea5f919c88b32a29011311
  languageName: node
  linkType: hard

"ms@npm:2.0.0":
  version: 2.0.0
  resolution: "ms@npm:2.0.0"
  checksum: 10/0e6a22b8b746d2e0b65a430519934fefd41b6db0682e3477c10f60c76e947c4c0ad06f63ffdf1d78d335f83edee8c0aa928aa66a36c7cd95b69b26f468d527f4
  languageName: node
  linkType: hard

"negotiator@npm:^1.0.0":
  version: 1.1.0
  resolution: "negotiator@npm:1.1.0"
  dependencies:
    content-type: "npm:^2.1.0"
  checksum: 10/4186a9ff245d1ebf0e206cdd78e45e4aada90b45bfd4188638a6bf43d496bfc8337bc49bdd1ecb52aa807ccb80fb4e9c0257ee60ff63d9d74e20df728068f11b
  languageName: node
  linkType: hard

"negotiator@npm:~0.6.4":
  version: 0.6.4
  resolution: "negotiator@npm:0.6.4"
  checksum: 10/d98c04a136583afd055746168f1067d58ce4bfe6e4c73ca1d339567f81ea1f7e665b5bd1e81f4771c67b6c2ea89b21cb2adaea2b16058c7dc31317778f931dab
  languageName: node
  linkType: hard

"on-headers@npm:~1.1.0":
  version: 1.1.0
  resolution: "on-headers@npm:1.1.0"
  checksum: 10/98aa64629f986fb8cc4517dd8bede73c980e31208cba97f4442c330959f60ced3dc6214b83420491f5111fc7c4f4343abe2ea62c85f505cf041d67850f238776
  languageName: node
  linkType: hard

"safe-buffer@npm:5.2.1":
  version: 5.2.1
  resolution: "safe-buffer@npm:5.2.1"
  checksum: 10/32872cd0ff68a3ddade7a7617b8f4c2ae8764d8b7d884c651b74457967a9e0e886267d3ecc781220629c44a865167b61c375d2da6c720c840ecd73f45d5d9451
  languageName: node
  linkType: hard

"typescript@npm:~5.9.2":
  version: 5.9.3
  resolution: "typescript@npm:5.9.3"
  bin:
    tsc: bin/tsc
    tsserver: bin/tsserver
  checksum: 10/c089d9d3da2729fd4ac517f9b0e0485914c4b3c26f80dc0cffcb5de1719a17951e92425d55db59515c1a7ddab65808466debb864d0d56dcf43f27007d0709594
  languageName: node
  linkType: hard

"typescript@patch:typescript@npm%3A~5.9.2#optional!builtin<compat/typescript>":
  version: 5.9.3
  resolution: "typescript@patch:typescript@npm%3A5.9.3#optional!builtin<compat/typescript>::version=5.9.3&hash=5786d5"
  bin:
    tsc: bin/tsc
    tsserver: bin/tsserver
  checksum: 10/696e1b017bc2635f4e0c94eb4435357701008e2f272f553d06e35b494b8ddc60aa221145e286c28ace0c89ee32827a28c2040e3a69bdc108b1a5dc8fb40b72e3
  languageName: node
  linkType: hard

"undici-types@npm:~7.18.0":
  version: 7.18.2
  resolution: "undici-types@npm:7.18.2"
  checksum: 10/e61a5918f624d68420c3ca9d301e9f15b61cba6e97be39fe2ce266dd6151e4afe424d679372638826cb506be33952774e0424141200111a9857e464216c009af
  languageName: node
  linkType: hard

"vary@npm:~1.1.2":
  version: 1.1.2
  resolution: "vary@npm:1.1.2"
  checksum: 10/31389debef15a480849b8331b220782230b9815a8e0dbb7b9a8369559aed2e9a7800cd904d4371ea74f4c3527db456dc8e7ac5befce5f0d289014dbdf47b2242
  languageName: node
  linkType: hard
